
Microsoft Visual Studio Solution File, Format Version 12.00
# Visual Studio Version 16
VisualStudioVersion = 16.0.31424.327
MinimumVisualStudioVersion = 10.0.40219.1
Project("{FAE04EC0-301F-11D3-BF4B-00C04F79EFBC}") = "SamuraiApp.Domain", "SamuraiApp.Domain\SamuraiApp.Domain.csproj", "{265490B6-7390-4A88-9DAE-FA9E31399745}"
EndProject
Project("{FAE04EC0-301F-11D3-BF4B-00C04F79EFBC}") = "SamuraiApp.Data", "SamuraiApp.Data\SamuraiApp.Data.csproj", "{0FC981BD-335D-410D-AEBF-89A58F51C998}"
EndProject
Project("{FAE04EC0-301F-11D3-BF4B-00C04F79EFBC}") = "SamuraiApp.UI", "SamuraiApp.UI\SamuraiApp.UI.csproj", "{A45AFF26-9822-4A6F-A88D-2B755092D97C}"
EndProject
Global
	GlobalSection(SolutionConfigurationPlatforms) = preSolution
		Debug|Any CPU = Debug|Any CPU
		Release|Any CPU = Release|Any CPU
	EndGlobalSection
	GlobalSection(ProjectConfigurationPlatforms) = postSolution
		{265490B6-7390-4A88-9DAE-FA9E31399745}.Debug|Any CPU.ActiveCfg = Debug|Any CPU
		{265490B6-7390-4A88-9DAE-FA9E31399745}.Debug|Any CPU.Build.0 = Debug|Any CPU
		{265490B6-7390-4A88-9DAE-FA9E31399745}.Release|Any CPU.ActiveCfg = Release|Any CPU
		{265490B6-7390-4A88-9DAE-FA9E31399745}.Release|Any CPU.Build.0 = Release|Any CPU
		{0FC981BD-335D-410D-AEBF-89A58F51C998}.Debug|Any CPU.ActiveCfg = Debug|Any CPU
		{0FC981BD-335D-410D-AEBF-89A58F51C998}.Debug|Any CPU.Build.0 = Debug|Any CPU
		{0FC981BD-335D-410D-AEBF-89A58F51C998}.Release|Any CPU.ActiveCfg = Release|Any CPU
		{0FC981BD-335D-410D-AEBF-89A58F51C998}.Release|Any CPU.Build.0 = Release|Any CPU
		{A45AFF26-9822-4A6F-A88D-2B755092D97C}.Debug|Any CPU.ActiveCfg = Debug|Any CPU
		{A45AFF26-9822-4A6F-A88D-2B755092D97C}.Debug|Any CPU.Build.0 = Debug|Any CPU
		{A45AFF26-9822-4A6F-A88D-2B755092D97C}.Release|Any CPU.ActiveCfg = Release|Any CPU
		{A45AFF26-9822-4A6F-A88D-2B755092D97C}.Release|Any CPU.Build.0 = Release|Any CPU
	EndGlobalSection
	GlobalSection(SolutionProperties) = preSolution
		HideSolutionNode = FALSE
	EndGlobalSection
	GlobalSection(ExtensibilityGlobals) = postSolution
		SolutionGuid = {A2F6F2BB-13A5-4BDA-A709-4BC1205C0597}
	EndGlobalSection
EndGlobal
